
Microsoft Visual Studio Solution File, Format Version 12.00
# Visual Studio Version 17
VisualStudioVersion = 17.12.35527.113
MinimumVisualStudioVersion = 10.0.40219.1
Project("{FAE04EC0-301F-11D3-BF4B-00C04F79EFBC}") = "INotify", "INotify\INotify.csproj", "{6491A4CB-8EFF-4FA9-BE26-98B68038289C}"
EndProject
Project("{FAE04EC0-301F-11D3-BF4B-00C04F79EFBC}") = "INotifyLibrary", "INotifyLibrary\INotifyLibrary.csproj", "{2204FFB3-701C-433E-A56C-6E566F2A65B9}"
EndProject
Project("{FAE04EC0-301F-11D3-BF4B-00C04F79EFBC}") = "WinCommon", "..\WinCommon\WinCommon.csproj", "{43F36432-9560-4FA2-A1C5-A452217E3F71}"
EndProject
Project("{FAE04EC0-301F-11D3-BF4B-00C04F79EFBC}") = "WinLogger", "..\WinLogger\WinLogger.csproj", "{BAFFB99F-6159-4768-B7B0-C3D8D7CADFBD}"
EndProject
Project("{FAE04EC0-301F-11D3-BF4B-00C04F79EFBC}") = "WinSQLiteDBAdapter", "..\WinSQLiteDBAdapter\WinSQLiteDBAdapter.csproj", "{5EC08BB5-1CC9-4D61-A709-63A2EC976FB3}"
EndProject
Project("{FAE04EC0-301F-11D3-BF4B-00C04F79EFBC}") = "WinUI3Component", "WinUI3Component\WinUI3Component.csproj", "{7DE24B2B-3C35-41F3-BB19-23F2E1F8B66F}"
EndProject
Project("{FAE04EC0-301F-11D3-BF4B-00C04F79EFBC}") = "WinToast", "..\INotifyWinForm\WinToast\WinToast.csproj", "{617B7AB2-6E04-4073-85F5-07CC018E900F}"
EndProject
Global
	GlobalSection(SolutionConfigurationPlatforms) = preSolution
		Debug|ARM64 = Debug|ARM64
		Debug|x64 = Debug|x64
		Debug|x86 = Debug|x86
		Release|ARM64 = Release|ARM64
		Release|x64 = Release|x64
		Release|x86 = Release|x86
	EndGlobalSection
	GlobalSection(ProjectConfigurationPlatforms) = postSolution
		{6491A4CB-8EFF-4FA9-BE26-98B68038289C}.Debug|ARM64.ActiveCfg = Debug|ARM64
		{6491A4CB-8EFF-4FA9-BE26-98B68038289C}.Debug|ARM64.Build.0 = Debug|ARM64
		{6491A4CB-8EFF-4FA9-BE26-98B68038289C}.Debug|ARM64.Deploy.0 = Debug|ARM64
		{6491A4CB-8EFF-4FA9-BE26-98B68038289C}.Debug|x64.ActiveCfg = Debug|x64
		{6491A4CB-8EFF-4FA9-BE26-98B68038289C}.Debug|x64.Build.0 = Debug|x64
		{6491A4CB-8EFF-4FA9-BE26-98B68038289C}.Debug|x64.Deploy.0 = Debug|x64
		{6491A4CB-8EFF-4FA9-BE26-98B68038289C}.Debug|x86.ActiveCfg = Debug|x86
		{6491A4CB-8EFF-4FA9-BE26-98B68038289C}.Debug|x86.Build.0 = Debug|x86
		{6491A4CB-8EFF-4FA9-BE26-98B68038289C}.Debug|x86.Deploy.0 = Debug|x86
		{6491A4CB-8EFF-4FA9-BE26-98B68038289C}.Release|ARM64.ActiveCfg = Release|ARM64
		{6491A4CB-8EFF-4FA9-BE26-98B68038289C}.Release|ARM64.Build.0 = Release|ARM64
		{6491A4CB-8EFF-4FA9-BE26-98B68038289C}.Release|ARM64.Deploy.0 = Release|ARM64
		{6491A4CB-8EFF-4FA9-BE26-98B68038289C}.Release|x64.ActiveCfg = Release|x64
		{6491A4CB-8EFF-4FA9-BE26-98B68038289C}.Release|x64.Build.0 = Release|x64
		{6491A4CB-8EFF-4FA9-BE26-98B68038289C}.Release|x64.Deploy.0 = Release|x64
		{6491A4CB-8EFF-4FA9-BE26-98B68038289C}.Release|x86.ActiveCfg = Release|x86
		{6491A4CB-8EFF-4FA9-BE26-98B68038289C}.Release|x86.Build.0 = Release|x86
		{6491A4CB-8EFF-4FA9-BE26-98B68038289C}.Release|x86.Deploy.0 = Release|x86
		{2204FFB3-701C-433E-A56C-6E566F2A65B9}.Debug|ARM64.ActiveCfg = Debug|Any CPU
		{2204FFB3-701C-433E-A56C-6E566F2A65B9}.Debug|ARM64.Build.0 = Debug|Any CPU
		{2204FFB3-701C-433E-A56C-6E566F2A65B9}.Debug|x64.ActiveCfg = Debug|Any CPU
		{2204FFB3-701C-433E-A56C-6E566F2A65B9}.Debug|x64.Build.0 = Debug|Any CPU
		{2204FFB3-701C-433E-A56C-6E566F2A65B9}.Debug|x86.ActiveCfg = Debug|Any CPU
		{2204FFB3-701C-433E-A56C-6E566F2A65B9}.Debug|x86.Build.0 = Debug|Any CPU
		{2204FFB3-701C-433E-A56C-6E566F2A65B9}.Release|ARM64.ActiveCfg = Release|Any CPU
		{2204FFB3-701C-433E-A56C-6E566F2A65B9}.Release|ARM64.Build.0 = Release|Any CPU
		{2204FFB3-701C-433E-A56C-6E566F2A65B9}.Release|x64.ActiveCfg = Release|Any CPU
		{2204FFB3-701C-433E-A56C-6E566F2A65B9}.Release|x64.Build.0 = Release|Any CPU
		{2204FFB3-701C-433E-A56C-6E566F2A65B9}.Release|x86.ActiveCfg = Release|Any CPU
		{2204FFB3-701C-433E-A56C-6E566F2A65B9}.Release|x86.Build.0 = Release|Any CPU
		{43F36432-9560-4FA2-A1C5-A452217E3F71}.Debug|ARM64.ActiveCfg = Debug|Any CPU
		{43F36432-9560-4FA2-A1C5-A452217E3F71}.Debug|ARM64.Build.0 = Debug|Any CPU
		{43F36432-9560-4FA2-A1C5-A452217E3F71}.Debug|x64.ActiveCfg = Debug|Any CPU
		{43F36432-9560-4FA2-A1C5-A452217E3F71}.Debug|x64.Build.0 = Debug|Any CPU
		{43F36432-9560-4FA2-A1C5-A452217E3F71}.Debug|x86.ActiveCfg = Debug|Any CPU
		{43F36432-9560-4FA2-A1C5-A452217E3F71}.Debug|x86.Build.0 = Debug|Any CPU
		{43F36432-9560-4FA2-A1C5-A452217E3F71}.Release|ARM64.ActiveCfg = Release|Any CPU
		{43F36432-9560-4FA2-A1C5-A452217E3F71}.Release|ARM64.Build.0 = Release|Any CPU
		{43F36432-9560-4FA2-A1C5-A452217E3F71}.Release|x64.ActiveCfg = Release|Any CPU
		{43F36432-9560-4FA2-A1C5-A452217E3F71}.Release|x64.Build.0 = Release|Any CPU
		{43F36432-9560-4FA2-A1C5-A452217E3F71}.Release|x86.ActiveCfg = Release|Any CPU
		{43F36432-9560-4FA2-A1C5-A452217E3F71}.Release|x86.Build.0 = Release|Any CPU
		{BAFFB99F-6159-4768-B7B0-C3D8D7CADFBD}.Debug|ARM64.ActiveCfg = Debug|Any CPU
		{BAFFB99F-6159-4768-B7B0-C3D8D7CADFBD}.Debug|ARM64.Build.0 = Debug|Any CPU
		{BAFFB99F-6159-4768-B7B0-C3D8D7CADFBD}.Debug|x64.ActiveCfg = Debug|Any CPU
		{BAFFB99F-6159-4768-B7B0-C3D8D7CADFBD}.Debug|x64.Build.0 = Debug|Any CPU
		{BAFFB99F-6159-4768-B7B0-C3D8D7CADFBD}.Debug|x86.ActiveCfg = Debug|Any CPU
		{BAFFB99F-6159-4768-B7B0-C3D8D7CADFBD}.Debug|x86.Build.0 = Debug|Any CPU
		{BAFFB99F-6159-4768-B7B0-C3D8D7CADFBD}.Release|ARM64.ActiveCfg = Release|Any CPU
		{BAFFB99F-6159-4768-B7B0-C3D8D7CADFBD}.Release|ARM64.Build.0 = Release|Any CPU
		{BAFFB99F-6159-4768-B7B0-C3D8D7CADFBD}.Release|x64.ActiveCfg = Release|Any CPU
		{BAFFB99F-6159-4768-B7B0-C3D8D7CADFBD}.Release|x64.Build.0 = Release|Any CPU
		{BAFFB99F-6159-4768-B7B0-C3D8D7CADFBD}.Release|x86.ActiveCfg = Release|Any CPU
		{BAFFB99F-6159-4768-B7B0-C3D8D7CADFBD}.Release|x86.Build.0 = Release|Any CPU
		{5EC08BB5-1CC9-4D61-A709-63A2EC976FB3}.Debug|ARM64.ActiveCfg = Debug|Any CPU
		{5EC08BB5-1CC9-4D61-A709-63A2EC976FB3}.Debug|ARM64.Build.0 = Debug|Any CPU
		{5EC08BB5-1CC9-4D61-A709-63A2EC976FB3}.Debug|x64.ActiveCfg = Debug|Any CPU
		{5EC08BB5-1CC9-4D61-A709-63A2EC976FB3}.Debug|x64.Build.0 = Debug|Any CPU
		{5EC08BB5-1CC9-4D61-A709-63A2EC976FB3}.Debug|x86.ActiveCfg = Debug|Any CPU
		{5EC08BB5-1CC9-4D61-A709-63A2EC976FB3}.Debug|x86.Build.0 = Debug|Any CPU
		{5EC08BB5-1CC9-4D61-A709-63A2EC976FB3}.Release|ARM64.ActiveCfg = Release|Any CPU
		{5EC08BB5-1CC9-4D61-A709-63A2EC976FB3}.Release|ARM64.Build.0 = Release|Any CPU
		{5EC08BB5-1CC9-4D61-A709-63A2EC976FB3}.Release|x64.ActiveCfg = Release|Any CPU
		{5EC08BB5-1CC9-4D61-A709-63A2EC976FB3}.Release|x64.Build.0 = Release|Any CPU
		{5EC08BB5-1CC9-4D61-A709-63A2EC976FB3}.Release|x86.ActiveCfg = Release|Any CPU
		{5EC08BB5-1CC9-4D61-A709-63A2EC976FB3}.Release|x86.Build.0 = Release|Any CPU
		{7DE24B2B-3C35-41F3-BB19-23F2E1F8B66F}.Debug|ARM64.ActiveCfg = Debug|Any CPU
		{7DE24B2B-3C35-41F3-BB19-23F2E1F8B66F}.Debug|ARM64.Build.0 = Debug|Any CPU
		{7DE24B2B-3C35-41F3-BB19-23F2E1F8B66F}.Debug|x64.ActiveCfg = Debug|Any CPU
		{7DE24B2B-3C35-41F3-BB19-23F2E1F8B66F}.Debug|x64.Build.0 = Debug|Any CPU
		{7DE24B2B-3C35-41F3-BB19-23F2E1F8B66F}.Debug|x86.ActiveCfg = Debug|Any CPU
		{7DE24B2B-3C35-41F3-BB19-23F2E1F8B66F}.Debug|x86.Build.0 = Debug|Any CPU
		{7DE24B2B-3C35-41F3-BB19-23F2E1F8B66F}.Release|ARM64.ActiveCfg = Release|Any CPU
		{7DE24B2B-3C35-41F3-BB19-23F2E1F8B66F}.Release|ARM64.Build.0 = Release|Any CPU
		{7DE24B2B-3C35-41F3-BB19-23F2E1F8B66F}.Release|x64.ActiveCfg = Release|Any CPU
		{7DE24B2B-3C35-41F3-BB19-23F2E1F8B66F}.Release|x64.Build.0 = Release|Any CPU
		{7DE24B2B-3C35-41F3-BB19-23F2E1F8B66F}.Release|x86.ActiveCfg = Release|Any CPU
		{7DE24B2B-3C35-41F3-BB19-23F2E1F8B66F}.Release|x86.Build.0 = Release|Any CPU
		{617B7AB2-6E04-4073-85F5-07CC018E900F}.Debug|ARM64.ActiveCfg = Debug|Any CPU
		{617B7AB2-6E04-4073-85F5-07CC018E900F}.Debug|ARM64.Build.0 = Debug|Any CPU
		{617B7AB2-6E04-4073-85F5-07CC018E900F}.Debug|x64.ActiveCfg = Debug|Any CPU
		{617B7AB2-6E04-4073-85F5-07CC018E900F}.Debug|x64.Build.0 = Debug|Any CPU
		{617B7AB2-6E04-4073-85F5-07CC018E900F}.Debug|x86.ActiveCfg = Debug|Any CPU
		{617B7AB2-6E04-4073-85F5-07CC018E900F}.Debug|x86.Build.0 = Debug|Any CPU
		{617B7AB2-6E04-4073-85F5-07CC018E900F}.Release|ARM64.ActiveCfg = Release|Any CPU
		{617B7AB2-6E04-4073-85F5-07CC018E900F}.Release|ARM64.Build.0 = Release|Any CPU
		{617B7AB2-6E04-4073-85F5-07CC018E900F}.Release|x64.ActiveCfg = Release|Any CPU
		{617B7AB2-6E04-4073-85F5-07CC018E900F}.Release|x64.Build.0 = Release|Any CPU
		{617B7AB2-6E04-4073-85F5-07CC018E900F}.Release|x86.ActiveCfg = Release|Any CPU
		{617B7AB2-6E04-4073-85F5-07CC018E900F}.Release|x86.Build.0 = Release|Any CPU
	EndGlobalSection
	GlobalSection(SolutionProperties) = preSolution
		HideSolutionNode = FALSE
	EndGlobalSection
EndGlobal
